// !$*UTF8*$!
{
	archiveVersion = 1;
	classes = {
	};
	objectVersion = 51;
	objects = {

/* Begin PBXBuildFile section */
		1532BEB796BF96EC4694C777 /* Pods_HiPart.framework in Frameworks */ = {isa = PBXBuildFile; fileRef = 8456534407704897DD70736D /* Pods_HiPart.framework */; };
		6014C98422C782C300ACB80E /* AppDelegate.swift in Sources */ = {isa = PBXBuildFile; fileRef = 6014C98322C782C300ACB80E /* AppDelegate.swift */; };
		6014C98622C782C300ACB80E /* MasterViewController.swift in Sources */ = {isa = PBXBuildFile; fileRef = 6014C98522C782C300ACB80E /* MasterViewController.swift */; };
		6014C98922C782C300ACB80E /* Main.storyboard in Resources */ = {isa = PBXBuildFile; fileRef = 6014C98722C782C300ACB80E /* Main.storyboard */; };
		6014C98B22C782C400ACB80E /* Assets.xcassets in Resources */ = {isa = PBXBuildFile; fileRef = 6014C98A22C782C400ACB80E /* Assets.xcassets */; };
		6014C98E22C782C400ACB80E /* LaunchScreen.storyboard in Resources */ = {isa = PBXBuildFile; fileRef = 6014C98C22C782C400ACB80E /* LaunchScreen.storyboard */; };
		602FB3A522CBC3AE003ED6DB /* HomeCreaterViewController.swift in Sources */ = {isa = PBXBuildFile; fileRef = 602FB3A422CBC3AE003ED6DB /* HomeCreaterViewController.swift */; };
		602FB3A722CBC409003ED6DB /* HomeHiPartViewController.swift in Sources */ = {isa = PBXBuildFile; fileRef = 602FB3A622CBC409003ED6DB /* HomeHiPartViewController.swift */; };
		602FB3AC22CBC5B2003ED6DB /* Notice.storyboard in Resources */ = {isa = PBXBuildFile; fileRef = 602FB3AB22CBC5B2003ED6DB /* Notice.storyboard */; };
		602FB3AE22CBC65C003ED6DB /* NoticeViewController.swift in Sources */ = {isa = PBXBuildFile; fileRef = 602FB3AD22CBC65C003ED6DB /* NoticeViewController.swift */; };
		602FB3B222CBC6B4003ED6DB /* NoticeViewModel.swift in Sources */ = {isa = PBXBuildFile; fileRef = 602FB3B122CBC6B4003ED6DB /* NoticeViewModel.swift */; };
		60463E1622CCB25300DFFF91 /* RoundImg.swift in Sources */ = {isa = PBXBuildFile; fileRef = 60463E1522CCB25300DFFF91 /* RoundImg.swift */; };
		60B2EEDD22C790F7000724B6 /* Home.storyboard in Resources */ = {isa = PBXBuildFile; fileRef = 60B2EEDB22C790F7000724B6 /* Home.storyboard */; };
		60B2EEE022C79555000724B6 /* HiPart.storyboard in Resources */ = {isa = PBXBuildFile; fileRef = 60B2EEDF22C79555000724B6 /* HiPart.storyboard */; };
		60B2EEE222C795F3000724B6 /* Portfolio.storyboard in Resources */ = {isa = PBXBuildFile; fileRef = 60B2EEE122C795F3000724B6 /* Portfolio.storyboard */; };
		60B2EEE422C7960C000724B6 /* MyPage.storyboard in Resources */ = {isa = PBXBuildFile; fileRef = 60B2EEE322C7960C000724B6 /* MyPage.storyboard */; };
		60B2EEE622C8B868000724B6 /* HomeViewModel.swift in Sources */ = {isa = PBXBuildFile; fileRef = 60B2EEE522C8B868000724B6 /* HomeViewModel.swift */; };
		60B2EEE822C8B8AC000724B6 /* HomeViewController.swift in Sources */ = {isa = PBXBuildFile; fileRef = 60B2EEE722C8B8AC000724B6 /* HomeViewController.swift */; };
		60B2EEEA22C8BB3B000724B6 /* PortfolioViewController.swift in Sources */ = {isa = PBXBuildFile; fileRef = 60B2EEE922C8BB3B000724B6 /* PortfolioViewController.swift */; };
		60B2EEEC22C8BB49000724B6 /* MyPageViewController.swift in Sources */ = {isa = PBXBuildFile; fileRef = 60B2EEEB22C8BB49000724B6 /* MyPageViewController.swift */; };
		60B2EEF322C8BBE0000724B6 /* HiPartViewController.swift in Sources */ = {isa = PBXBuildFile; fileRef = 60B2EEF222C8BBE0000724B6 /* HiPartViewController.swift */; };
		60B2EEF522C8BCB4000724B6 /* HiPartViewModel.swift in Sources */ = {isa = PBXBuildFile; fileRef = 60B2EEF422C8BCB4000724B6 /* HiPartViewModel.swift */; };
		60B2EEF722C8BCC5000724B6 /* PortfolioViewModel.swift in Sources */ = {isa = PBXBuildFile; fileRef = 60B2EEF622C8BCC5000724B6 /* PortfolioViewModel.swift */; };
		60B2EEF922C8BCDB000724B6 /* MyPageViewModel.swift in Sources */ = {isa = PBXBuildFile; fileRef = 60B2EEF822C8BCDB000724B6 /* MyPageViewModel.swift */; };
		60B2EEFB22C8C2B5000724B6 /* MasterViewModel.swift in Sources */ = {isa = PBXBuildFile; fileRef = 60B2EEFA22C8C2B5000724B6 /* MasterViewModel.swift */; };
		60B2EEFF22C8C978000724B6 /* ViewExtension.swift in Sources */ = {isa = PBXBuildFile; fileRef = 60B2EEFE22C8C978000724B6 /* ViewExtension.swift */; };
/* End PBXBuildFile section */

/* Begin PBXFileReference section */
		6014C98022C782C300ACB80E /* HiPart.app */ = {isa = PBXFileReference; explicitFileType = wrapper.application; includeInIndex = 0; path = HiPart.app; sourceTree = BUILT_PRODUCTS_DIR; };
		6014C98322C782C300ACB80E /* AppDelegate.swift */ = {isa = PBXFileReference; lastKnownFileType = sourcecode.swift; path = AppDelegate.swift; sourceTree = "<group>"; };
		6014C98522C782C300ACB80E /* MasterViewController.swift */ = {isa = PBXFileReference; lastKnownFileType = sourcecode.swift; path = MasterViewController.swift; sourceTree = "<group>"; };
		6014C98822C782C300ACB80E /* Base */ = {isa = PBXFileReference; lastKnownFileType = file.storyboard; name = Base; path = Base.lproj/Main.storyboard; sourceTree = "<group>"; };
		6014C98A22C782C400ACB80E /* Assets.xcassets */ = {isa = PBXFileReference; lastKnownFileType = folder.assetcatalog; path = Assets.xcassets; sourceTree = "<group>"; };
		6014C98D22C782C400ACB80E /* Base */ = {isa = PBXFileReference; lastKnownFileType = file.storyboard; name = Base; path = Base.lproj/LaunchScreen.storyboard; sourceTree = "<group>"; };
		6014C98F22C782C400ACB80E /* Info.plist */ = {isa = PBXFileReference; lastKnownFileType = text.plist.xml; path = Info.plist; sourceTree = "<group>"; };
		602FB3A422CBC3AE003ED6DB /* HomeCreaterViewController.swift */ = {isa = PBXFileReference; lastKnownFileType = sourcecode.swift; path = HomeCreaterViewController.swift; sourceTree = "<group>"; };
		602FB3A622CBC409003ED6DB /* HomeHiPartViewController.swift */ = {isa = PBXFileReference; lastKnownFileType = sourcecode.swift; path = HomeHiPartViewController.swift; sourceTree = "<group>"; };
		602FB3AB22CBC5B2003ED6DB /* Notice.storyboard */ = {isa = PBXFileReference; lastKnownFileType = file.storyboard; path = Notice.storyboard; sourceTree = "<group>"; };
		602FB3AD22CBC65C003ED6DB /* NoticeViewController.swift */ = {isa = PBXFileReference; lastKnownFileType = sourcecode.swift; path = NoticeViewController.swift; sourceTree = "<group>"; };
		602FB3B122CBC6B4003ED6DB /* NoticeViewModel.swift */ = {isa = PBXFileReference; lastKnownFileType = sourcecode.swift; path = NoticeViewModel.swift; sourceTree = "<group>"; };
		60463E1522CCB25300DFFF91 /* RoundImg.swift */ = {isa = PBXFileReference; lastKnownFileType = sourcecode.swift; path = RoundImg.swift; sourceTree = "<group>"; };
		60B2EEDC22C790F7000724B6 /* Base */ = {isa = PBXFileReference; lastKnownFileType = file.storyboard; name = Base; path = Base.lproj/Home.storyboard; sourceTree = "<group>"; };
		60B2EEDF22C79555000724B6 /* HiPart.storyboard */ = {isa = PBXFileReference; lastKnownFileType = file.storyboard; path = HiPart.storyboard; sourceTree = "<group>"; };
		60B2EEE122C795F3000724B6 /* Portfolio.storyboard */ = {isa = PBXFileReference; lastKnownFileType = file.storyboard; path = Portfolio.storyboard; sourceTree = "<group>"; };
		60B2EEE322C7960C000724B6 /* MyPage.storyboard */ = {isa = PBXFileReference; lastKnownFileType = file.storyboard; path = MyPage.storyboard; sourceTree = "<group>"; };
		60B2EEE522C8B868000724B6 /* HomeViewModel.swift */ = {isa = PBXFileReference; lastKnownFileType = sourcecode.swift; path = HomeViewModel.swift; sourceTree = "<group>"; };
		60B2EEE722C8B8AC000724B6 /* HomeViewController.swift */ = {isa = PBXFileReference; lastKnownFileType = sourcecode.swift; path = HomeViewController.swift; sourceTree = "<group>"; };
		60B2EEE922C8BB3B000724B6 /* PortfolioViewController.swift */ = {isa = PBXFileReference; lastKnownFileType = sourcecode.swift; path = PortfolioViewController.swift; sourceTree = "<group>"; };
		60B2EEEB22C8BB49000724B6 /* MyPageViewController.swift */ = {isa = PBXFileReference; lastKnownFileType = sourcecode.swift; path = MyPageViewController.swift; sourceTree = "<group>"; };
		60B2EEF222C8BBE0000724B6 /* HiPartViewController.swift */ = {isa = PBXFileReference; lastKnownFileType = sourcecode.swift; path = HiPartViewController.swift; sourceTree = "<group>"; };
		60B2EEF422C8BCB4000724B6 /* HiPartViewModel.swift */ = {isa = PBXFileReference; lastKnownFileType = sourcecode.swift; path = HiPartViewModel.swift; sourceTree = "<group>"; };
		60B2EEF622C8BCC5000724B6 /* PortfolioViewModel.swift */ = {isa = PBXFileReference; lastKnownFileType = sourcecode.swift; path = PortfolioViewModel.swift; sourceTree = "<group>"; };
		60B2EEF822C8BCDB000724B6 /* MyPageViewModel.swift */ = {isa = PBXFileReference; lastKnownFileType = sourcecode.swift; path = MyPageViewModel.swift; sourceTree = "<group>"; };
		60B2EEFA22C8C2B5000724B6 /* MasterViewModel.swift */ = {isa = PBXFileReference; lastKnownFileType = sourcecode.swift; path = MasterViewModel.swift; sourceTree = "<group>"; };
		60B2EEFE22C8C978000724B6 /* ViewExtension.swift */ = {isa = PBXFileReference; lastKnownFileType = sourcecode.swift; path = ViewExtension.swift; sourceTree = "<group>"; };
		8456534407704897DD70736D /* Pods_HiPart.framework */ = {isa = PBXFileReference; explicitFileType = wrapper.framework; includeInIndex = 0; path = Pods_HiPart.framework; sourceTree = BUILT_PRODUCTS_DIR; };
		A7D5F761D12D65D8A6ABA039 /* Pods-HiPart.debug.xcconfig */ = {isa = PBXFileReference; includeInIndex = 1; lastKnownFileType = text.xcconfig; name = "Pods-HiPart.debug.xcconfig"; path = "Target Support Files/Pods-HiPart/Pods-HiPart.debug.xcconfig"; sourceTree = "<group>"; };
		ED1799A0901C119E4607245D /* Pods-HiPart.release.xcconfig */ = {isa = PBXFileReference; includeInIndex = 1; lastKnownFileType = text.xcconfig; name = "Pods-HiPart.release.xcconfig"; path = "Target Support Files/Pods-HiPart/Pods-HiPart.release.xcconfig"; sourceTree = "<group>"; };
/* End PBXFileReference section */

/* Begin PBXFrameworksBuildPhase section */
		6014C97D22C782C300ACB80E /* Frameworks */ = {
			isa = PBXFrameworksBuildPhase;
			buildActionMask = 2147483647;
			files = (
				1532BEB796BF96EC4694C777 /* Pods_HiPart.framework in Frameworks */,
			);
			runOnlyForDeploymentPostprocessing = 0;
		};
/* End PBXFrameworksBuildPhase section */

/* Begin PBXGroup section */
		6014C97722C782C300ACB80E = {
			isa = PBXGroup;
			children = (
				602FB3A322CA7CD6003ED6DB /* SupportFiles */,
				60B2EED122C78468000724B6 /* Resources */,
				6014C98222C782C300ACB80E /* HiPart */,
				6014C98122C782C300ACB80E /* Products */,
				9527C0B00ACDF349E65578A5 /* Pods */,
				D9E5528D4DD17A4177E97DF4 /* Frameworks */,
			);
			sourceTree = "<group>";
		};
		6014C98122C782C300ACB80E /* Products */ = {
			isa = PBXGroup;
			children = (
				6014C98022C782C300ACB80E /* HiPart.app */,
			);
			name = Products;
			sourceTree = "<group>";
		};
		6014C98222C782C300ACB80E /* HiPart */ = {
			isa = PBXGroup;
			children = (
				60B2EEFD22C8C959000724B6 /* Common */,
				60B2EED222C7868C000724B6 /* Application */,
				60B2EED622C787DE000724B6 /* Domain */,
				60B2EED422C787BD000724B6 /* Presentation */,
				60B2EED322C7878E000724B6 /* Data */,
				6014C98F22C782C400ACB80E /* Info.plist */,
			);
			path = HiPart;
			sourceTree = "<group>";
		};
		602FB3A322CA7CD6003ED6DB /* SupportFiles */ = {
			isa = PBXGroup;
			children = (
			);
			path = SupportFiles;
			sourceTree = "<group>";
		};
		602FB3A822CBC51A003ED6DB /* Notice */ = {
			isa = PBXGroup;
			children = (
				602FB3AB22CBC5B2003ED6DB /* Notice.storyboard */,
				602FB3AD22CBC65C003ED6DB /* NoticeViewController.swift */,
			);
			path = Notice;
			sourceTree = "<group>";
		};
		60B2EED122C78468000724B6 /* Resources */ = {
			isa = PBXGroup;
			children = (
				6014C98A22C782C400ACB80E /* Assets.xcassets */,
			);
			path = Resources;
			sourceTree = "<group>";
		};
		60B2EED222C7868C000724B6 /* Application */ = {
			isa = PBXGroup;
			children = (
				6014C98322C782C300ACB80E /* AppDelegate.swift */,
			);
			path = Application;
			sourceTree = "<group>";
		};
		60B2EED322C7878E000724B6 /* Data */ = {
			isa = PBXGroup;
			children = (
			);
			path = Data;
			sourceTree = "<group>";
		};
		60B2EED422C787BD000724B6 /* Presentation */ = {
			isa = PBXGroup;
			children = (
				60B2EED922C78B0B000724B6 /* ViewModel */,
				60B2EED822C78B04000724B6 /* UI */,
			);
			path = Presentation;
			sourceTree = "<group>";
		};
		60B2EED622C787DE000724B6 /* Domain */ = {
			isa = PBXGroup;
			children = (
			);
			path = Domain;
			sourceTree = "<group>";
		};
		60B2EED822C78B04000724B6 /* UI */ = {
			isa = PBXGroup;
			children = (
				6014C98C22C782C400ACB80E /* LaunchScreen.storyboard */,
				60B2EEFC22C8C2EC000724B6 /* Master */,
				60B2EEF122C8BBB3000724B6 /* MyPage */,
				60B2EEF022C8BBA2000724B6 /* Portfolio */,
				60B2EEEE22C8BB8E000724B6 /* HiPart */,
				60B2EEED22C8BB85000724B6 /* Home */,
				602FB3A822CBC51A003ED6DB /* Notice */,
			);
			path = UI;
			sourceTree = "<group>";
		};
		60B2EED922C78B0B000724B6 /* ViewModel */ = {
			isa = PBXGroup;
			children = (
				60B2EEE522C8B868000724B6 /* HomeViewModel.swift */,
				60B2EEF422C8BCB4000724B6 /* HiPartViewModel.swift */,
				60B2EEF622C8BCC5000724B6 /* PortfolioViewModel.swift */,
				60B2EEF822C8BCDB000724B6 /* MyPageViewModel.swift */,
				602FB3B122CBC6B4003ED6DB /* NoticeViewModel.swift */,
				60B2EEFA22C8C2B5000724B6 /* MasterViewModel.swift */,
			);
			path = ViewModel;
			sourceTree = "<group>";
		};
		60B2EEED22C8BB85000724B6 /* Home */ = {
			isa = PBXGroup;
			children = (
				60B2EEDB22C790F7000724B6 /* Home.storyboard */,
				60B2EEE722C8B8AC000724B6 /* HomeViewController.swift */,
				602FB3A422CBC3AE003ED6DB /* HomeCreaterViewController.swift */,
				602FB3A622CBC409003ED6DB /* HomeHiPartViewController.swift */,
			);
			path = Home;
			sourceTree = "<group>";
		};
		60B2EEEE22C8BB8E000724B6 /* HiPart */ = {
			isa = PBXGroup;
			children = (
				60B2EEDF22C79555000724B6 /* HiPart.storyboard */,
				60B2EEF222C8BBE0000724B6 /* HiPartViewController.swift */,
			);
			path = HiPart;
			sourceTree = "<group>";
		};
		60B2EEF022C8BBA2000724B6 /* Portfolio */ = {
			isa = PBXGroup;
			children = (
				60B2EEE122C795F3000724B6 /* Portfolio.storyboard */,
				60B2EEE922C8BB3B000724B6 /* PortfolioViewController.swift */,
			);
			path = Portfolio;
			sourceTree = "<group>";
		};
		60B2EEF122C8BBB3000724B6 /* MyPage */ = {
			isa = PBXGroup;
			children = (
				60B2EEE322C7960C000724B6 /* MyPage.storyboard */,
				60B2EEEB22C8BB49000724B6 /* MyPageViewController.swift */,
				60463E1522CCB25300DFFF91 /* RoundImg.swift */,
			);
			path = MyPage;
			sourceTree = "<group>";
		};
		60B2EEFC22C8C2EC000724B6 /* Master */ = {
			isa = PBXGroup;
			children = (
				6014C98722C782C300ACB80E /* Main.storyboard */,
				6014C98522C782C300ACB80E /* MasterViewController.swift */,
			);
			path = Master;
			sourceTree = "<group>";
		};
		60B2EEFD22C8C959000724B6 /* Common */ = {
			isa = PBXGroup;
			children = (
				60B2EEFE22C8C978000724B6 /* ViewExtension.swift */,
			);
			path = Common;
			sourceTree = "<group>";
		};
		9527C0B00ACDF349E65578A5 /* Pods */ = {
			isa = PBXGroup;
			children = (
				A7D5F761D12D65D8A6ABA039 /* Pods-HiPart.debug.xcconfig */,
				ED1799A0901C119E4607245D /* Pods-HiPart.release.xcconfig */,
			);
			path = Pods;
			sourceTree = "<group>";
		};
		D9E5528D4DD17A4177E97DF4 /* Frameworks */ = {
			isa = PBXGroup;
			children = (
				8456534407704897DD70736D /* Pods_HiPart.framework */,
			);
			name = Frameworks;
			sourceTree = "<group>";
		};
/* End PBXGroup section */

/* Begin PBXNativeTarget section */
		6014C97F22C782C300ACB80E /* HiPart */ = {
			isa = PBXNativeTarget;
			buildConfigurationList = 6014C99222C782C400ACB80E /* Build configuration list for PBXNativeTarget "HiPart" */;
			buildPhases = (
				42E47170DF843B27B4766658 /* [CP] Check Pods Manifest.lock */,
				6014C97C22C782C300ACB80E /* Sources */,
				6014C97D22C782C300ACB80E /* Frameworks */,
				6014C97E22C782C300ACB80E /* Resources */,
				6C3353E924E1226C4A00818B /* [CP] Embed Pods Frameworks */,
			);
			buildRules = (
			);
			dependencies = (
			);
			name = HiPart;
			productName = HiPart;
			productReference = 6014C98022C782C300ACB80E /* HiPart.app */;
			productType = "com.apple.product-type.application";
		};
/* End PBXNativeTarget section */

/* Begin PBXProject section */
		6014C97822C782C300ACB80E /* Project object */ = {
			isa = PBXProject;
			attributes = {
				LastSwiftUpdateCheck = 1020;
				LastUpgradeCheck = 1020;
				ORGANIZATIONNAME = HiPart;
				TargetAttributes = {
					6014C97F22C782C300ACB80E = {
						CreatedOnToolsVersion = 10.2.1;
					};
				};
			};
			buildConfigurationList = 6014C97B22C782C300ACB80E /* Build configuration list for PBXProject "HiPart" */;
			compatibilityVersion = "Xcode 9.3";
			developmentRegion = en;
			hasScannedForEncodings = 0;
			knownRegions = (
				en,
				Base,
			);
			mainGroup = 6014C97722C782C300ACB80E;
			productRefGroup = 6014C98122C782C300ACB80E /* Products */;
			projectDirPath = "";
			projectRoot = "";
			targets = (
				6014C97F22C782C300ACB80E /* HiPart */,
			);
		};
/* End PBXProject section */

/* Begin PBXResourcesBuildPhase section */
		6014C97E22C782C300ACB80E /* Resources */ = {
			isa = PBXResourcesBuildPhase;
			buildActionMask = 2147483647;
			files = (
				60B2EEE022C79555000724B6 /* HiPart.storyboard in Resources */,
				6014C98E22C782C400ACB80E /* LaunchScreen.storyboard in Resources */,
				602FB3AC22CBC5B2003ED6DB /* Notice.storyboard in Resources */,
				6014C98B22C782C400ACB80E /* Assets.xcassets in Resources */,
				60B2EEE222C795F3000724B6 /* Portfolio.storyboard in Resources */,
				60B2EEE422C7960C000724B6 /* MyPage.storyboard in Resources */,
				6014C98922C782C300ACB80E /* Main.storyboard in Resources */,
				60B2EEDD22C790F7000724B6 /* Home.storyboard in Resources */,
			);
			runOnlyForDeploymentPostprocessing = 0;
		};
/* End PBXResourcesBuildPhase section */

/* Begin PBXShellScriptBuildPhase section */
		42E47170DF843B27B4766658 /* [CP] Check Pods Manifest.lock */ = {
			isa = PBXShellScriptBuildPhase;
			buildActionMask = 2147483647;
			files = (
			);
			inputFileListPaths = (
			);
			inputPaths = (
				"${PODS_PODFILE_DIR_PATH}/Podfile.lock",
				"${PODS_ROOT}/Manifest.lock",
			);
			name = "[CP] Check Pods Manifest.lock";
			outputFileListPaths = (
			);
			outputPaths = (
				"$(DERIVED_FILE_DIR)/Pods-HiPart-checkManifestLockResult.txt",
			);
			runOnlyForDeploymentPostprocessing = 0;
			shellPath = /bin/sh;
			shellScript = "diff \"${PODS_PODFILE_DIR_PATH}/Podfile.lock\" \"${PODS_ROOT}/Manifest.lock\" > /dev/null\nif [ $? != 0 ] ; then\n    # print error to STDERR\n    echo \"error: The sandbox is not in sync with the Podfile.lock. Run 'pod install' or update your CocoaPods installation.\" >&2\n    exit 1\nfi\n# This output is used by Xcode 'outputs' to avoid re-running this script phase.\necho \"SUCCESS\" > \"${SCRIPT_OUTPUT_FILE_0}\"\n";
			showEnvVarsInLog = 0;
		};
		6C3353E924E1226C4A00818B /* [CP] Embed Pods Frameworks */ = {
			isa = PBXShellScriptBuildPhase;
			buildActionMask = 2147483647;
			files = (
			);
			inputFileListPaths = (
				"${PODS_ROOT}/Target Support Files/Pods-HiPart/Pods-HiPart-frameworks-${CONFIGURATION}-input-files.xcfilelist",
			);
			name = "[CP] Embed Pods Frameworks";
			outputFileListPaths = (
				"${PODS_ROOT}/Target Support Files/Pods-HiPart/Pods-HiPart-frameworks-${CONFIGURATION}-output-files.xcfilelist",
			);
			runOnlyForDeploymentPostprocessing = 0;
			shellPath = /bin/sh;
			shellScript = "\"${PODS_ROOT}/Target Support Files/Pods-HiPart/Pods-HiPart-frameworks.sh\"\n";
			showEnvVarsInLog = 0;
		};
/* End PBXShellScriptBuildPhase section */

/* Begin PBXSourcesBuildPhase section */
		6014C97C22C782C300ACB80E /* Sources */ = {
			isa = PBXSourcesBuildPhase;
			buildActionMask = 2147483647;
			files = (
				6014C98622C782C300ACB80E /* MasterViewController.swift in Sources */,
				602FB3A722CBC409003ED6DB /* HomeHiPartViewController.swift in Sources */,
				60B2EEEC22C8BB49000724B6 /* MyPageViewController.swift in Sources */,
				60B2EEEA22C8BB3B000724B6 /* PortfolioViewController.swift in Sources */,
				602FB3AE22CBC65C003ED6DB /* NoticeViewController.swift in Sources */,
				60B2EEF722C8BCC5000724B6 /* PortfolioViewModel.swift in Sources */,
				60B2EEE622C8B868000724B6 /* HomeViewModel.swift in Sources */,
				60B2EEF522C8BCB4000724B6 /* HiPartViewModel.swift in Sources */,
				602FB3A522CBC3AE003ED6DB /* HomeCreaterViewController.swift in Sources */,
				60B2EEFF22C8C978000724B6 /* ViewExtension.swift in Sources */,
				6014C98422C782C300ACB80E /* AppDelegate.swift in Sources */,
				60B2EEFB22C8C2B5000724B6 /* MasterViewModel.swift in Sources */,
				60B2EEF922C8BCDB000724B6 /* MyPageViewModel.swift in Sources */,
				60B2EEF322C8BBE0000724B6 /* HiPartViewController.swift in Sources */,
				602FB3B222CBC6B4003ED6DB /* NoticeViewModel.swift in Sources */,
				60463E1622CCB25300DFFF91 /* RoundImg.swift in Sources */,
				60B2EEE822C8B8AC000724B6 /* HomeViewController.swift in Sources */,
			);
			runOnlyForDeploymentPostprocessing = 0;
		};
/* End PBXSourcesBuildPhase section */

/* Begin PBXVariantGroup section */
		6014C98722C782C300ACB80E /* Main.storyboard */ = {
			isa = PBXVariantGroup;
			children = (
				6014C98822C782C300ACB80E /* Base */,
			);
			name = Main.storyboard;
			sourceTree = "<group>";
		};
		6014C98C22C782C400ACB80E /* LaunchScreen.storyboard */ = {
			isa = PBXVariantGroup;
			children = (
				6014C98D22C782C400ACB80E /* Base */,
			);
			name = LaunchScreen.storyboard;
			sourceTree = "<group>";
		};
		60B2EEDB22C790F7000724B6 /* Home.storyboard */ = {
			isa = PBXVariantGroup;
			children = (
				60B2EEDC22C790F7000724B6 /* Base */,
			);
			name = Home.storyboard;
			sourceTree = "<group>";
		};
/* End PBXVariantGroup section */

/* Begin XCBuildConfiguration section */
		6014C99022C782C400ACB80E /* Debug */ = {
			isa = XCBuildConfiguration;
			buildSettings = {
				ALWAYS_SEARCH_USER_PATHS = NO;
				CLANG_ANALYZER_NONNULL = YES;
				CLANG_ANALYZER_NUMBER_OBJECT_CONVERSION = YES_AGGRESSIVE;
				CLANG_CXX_LANGUAGE_STANDARD = "gnu++14";
				CLANG_CXX_LIBRARY = "libc++";
				CLANG_ENABLE_MODULES = YES;
				CLANG_ENABLE_OBJC_ARC = YES;
				CLANG_ENABLE_OBJC_WEAK = YES;
				CLANG_WARN_BLOCK_CAPTURE_AUTORELEASING = YES;
				CLANG_WARN_BOOL_CONVERSION = YES;
				CLANG_WARN_COMMA = YES;
				CLANG_WARN_CONSTANT_CONVERSION = YES;
				CLANG_WARN_DEPRECATED_OBJC_IMPLEMENTATIONS = YES;
				CLANG_WARN_DIRECT_OBJC_ISA_USAGE = YES_ERROR;
				CLANG_WARN_DOCUMENTATION_COMMENTS = YES;
				CLANG_WARN_EMPTY_BODY = YES;
				CLANG_WARN_ENUM_CONVERSION = YES;
				CLANG_WARN_INFINITE_RECURSION = YES;
				CLANG_WARN_INT_CONVERSION = YES;
				CLANG_WARN_NON_LITERAL_NULL_CONVERSION = YES;
				CLANG_WARN_OBJC_IMPLICIT_RETAIN_SELF = YES;
				CLANG_WARN_OBJC_LITERAL_CONVERSION = YES;
				CLANG_WARN_OBJC_ROOT_CLASS = YES_ERROR;
				CLANG_WARN_RANGE_LOOP_ANALYSIS = YES;
				CLANG_WARN_STRICT_PROTOTYPES = YES;
				CLANG_WARN_SUSPICIOUS_MOVE = YES;
				CLANG_WARN_UNGUARDED_AVAILABILITY = YES_AGGRESSIVE;
				CLANG_WARN_UNREACHABLE_CODE = YES;
				CLANG_WARN__DUPLICATE_METHOD_MATCH = YES;
				CODE_SIGN_IDENTITY = "iPhone Developer";
				COPY_PHASE_STRIP = NO;
				DEBUG_INFORMATION_FORMAT = dwarf;
				ENABLE_STRICT_OBJC_MSGSEND = YES;
				ENABLE_TESTABILITY = YES;
				GCC_C_LANGUAGE_STANDARD = gnu11;
				GCC_DYNAMIC_NO_PIC = NO;
				GCC_NO_COMMON_BLOCKS = YES;
				GCC_OPTIMIZATION_LEVEL = 0;
				GCC_PREPROCESSOR_DEFINITIONS = (
					"DEBUG=1",
					"$(inherited)",
				);
				GCC_WARN_64_TO_32_BIT_CONVERSION = YES;
				GCC_WARN_ABOUT_RETURN_TYPE = YES_ERROR;
				GCC_WARN_UNDECLARED_SELECTOR = YES;
				GCC_WARN_UNINITIALIZED_AUTOS = YES_AGGRESSIVE;
				GCC_WARN_UNUSED_FUNCTION = YES;
				GCC_WARN_UNUSED_VARIABLE = YES;
				IPHONEOS_DEPLOYMENT_TARGET = 12.2;
				MTL_ENABLE_DEBUG_INFO = INCLUDE_SOURCE;
				MTL_FAST_MATH = YES;
				ONLY_ACTIVE_ARCH = YES;
				SDKROOT = iphoneos;
				SWIFT_ACTIVE_COMPILATION_CONDITIONS = DEBUG;
				SWIFT_OPTIMIZATION_LEVEL = "-Onone";
			};
			name = Debug;
		};
		6014C99122C782C400ACB80E /* Release */ = {
			isa = XCBuildConfiguration;
			buildSettings = {
				ALWAYS_SEARCH_USER_PATHS = NO;
				CLANG_ANALYZER_NONNULL = YES;
				CLANG_ANALYZER_NUMBER_OBJECT_CONVERSION = YES_AGGRESSIVE;
				CLANG_CXX_LANGUAGE_STANDARD = "gnu++14";
				CLANG_CXX_LIBRARY = "libc++";
				CLANG_ENABLE_MODULES = YES;
				CLANG_ENABLE_OBJC_ARC = YES;
				CLANG_ENABLE_OBJC_WEAK = YES;
				CLANG_WARN_BLOCK_CAPTURE_AUTORELEASING = YES;
				CLANG_WARN_BOOL_CONVERSION = YES;
				CLANG_WARN_COMMA = YES;
				CLANG_WARN_CONSTANT_CONVERSION = YES;
				CLANG_WARN_DEPRECATED_OBJC_IMPLEMENTATIONS = YES;
				CLANG_WARN_DIRECT_OBJC_ISA_USAGE = YES_ERROR;
				CLANG_WARN_DOCUMENTATION_COMMENTS = YES;
				CLANG_WARN_EMPTY_BODY = YES;
				CLANG_WARN_ENUM_CONVERSION = YES;
				CLANG_WARN_INFINITE_RECURSION = YES;
				CLANG_WARN_INT_CONVERSION = YES;
				CLANG_WARN_NON_LITERAL_NULL_CONVERSION = YES;
				CLANG_WARN_OBJC_IMPLICIT_RETAIN_SELF = YES;
				CLANG_WARN_OBJC_LITERAL_CONVERSION = YES;
				CLANG_WARN_OBJC_ROOT_CLASS = YES_ERROR;
				CLANG_WARN_RANGE_LOOP_ANALYSIS = YES;
				CLANG_WARN_STRICT_PROTOTYPES = YES;
				CLANG_WARN_SUSPICIOUS_MOVE = YES;
				CLANG_WARN_UNGUARDED_AVAILABILITY = YES_AGGRESSIVE;
				CLANG_WARN_UNREACHABLE_CODE = YES;
				CLANG_WARN__DUPLICATE_METHOD_MATCH = YES;
				CODE_SIGN_IDENTITY = "iPhone Developer";
				COPY_PHASE_STRIP = NO;
				DEBUG_INFORMATION_FORMAT = "dwarf-with-dsym";
				ENABLE_NS_ASSERTIONS = NO;
				ENABLE_STRICT_OBJC_MSGSEND = YES;
				GCC_C_LANGUAGE_STANDARD = gnu11;
				GCC_NO_COMMON_BLOCKS = YES;
				GCC_WARN_64_TO_32_BIT_CONVERSION = YES;
				GCC_WARN_ABOUT_RETURN_TYPE = YES_ERROR;
				GCC_WARN_UNDECLARED_SELECTOR = YES;
				GCC_WARN_UNINITIALIZED_AUTOS = YES_AGGRESSIVE;
				GCC_WARN_UNUSED_FUNCTION = YES;
				GCC_WARN_UNUSED_VARIABLE = YES;
				IPHONEOS_DEPLOYMENT_TARGET = 12.2;
				MTL_ENABLE_DEBUG_INFO = NO;
				MTL_FAST_MATH = YES;
				SDKROOT = iphoneos;
				SWIFT_COMPILATION_MODE = wholemodule;
				SWIFT_OPTIMIZATION_LEVEL = "-O";
				VALIDATE_PRODUCT = YES;
			};
			name = Release;
		};
		6014C99322C782C400ACB80E /* Debug */ = {
			isa = XCBuildConfiguration;
			baseConfigurationReference = A7D5F761D12D65D8A6ABA039 /* Pods-HiPart.debug.xcconfig */;
			buildSettings = {
				ASSETCATALOG_COMPILER_APPICON_NAME = AppIcon;
				CODE_SIGN_STYLE = Automatic;
				INFOPLIST_FILE = HiPart/Info.plist;
				IPHONEOS_DEPLOYMENT_TARGET = 11.0;
				LD_RUNPATH_SEARCH_PATHS = (
					"$(inherited)",
					"@executable_path/Frameworks",
				);
				PRODUCT_BUNDLE_IDENTIFIER = sopt.HiPart;
				PRODUCT_NAME = "$(TARGET_NAME)";
				SWIFT_VERSION = 5.0;
				TARGETED_DEVICE_FAMILY = 1;
			};
			name = Debug;
		};
		6014C99422C782C400ACB80E /* Release */ = {
			isa = XCBuildConfiguration;
			baseConfigurationReference = ED1799A0901C119E4607245D /* Pods-HiPart.release.xcconfig */;
			buildSettings = {
				ASSETCATALOG_COMPILER_APPICON_NAME = AppIcon;
				CODE_SIGN_STYLE = Automatic;
				INFOPLIST_FILE = HiPart/Info.plist;
				IPHONEOS_DEPLOYMENT_TARGET = 11.0;
				LD_RUNPATH_SEARCH_PATHS = (
					"$(inherited)",
					"@executable_path/Frameworks",
				);
				PRODUCT_BUNDLE_IDENTIFIER = sopt.HiPart;
				PRODUCT_NAME = "$(TARGET_NAME)";
				SWIFT_VERSION = 5.0;
				TARGETED_DEVICE_FAMILY = 1;
			};
			name = Release;
		};
/* End XCBuildConfiguration section */

/* Begin XCConfigurationList section */
		6014C97B22C782C300ACB80E /* Build configuration list for PBXProject "HiPart" */ = {
			isa = XCConfigurationList;
			buildConfigurations = (
				6014C99022C782C400ACB80E /* Debug */,
				6014C99122C782C400ACB80E /* Release */,
			);
			defaultConfigurationIsVisible = 0;
			defaultConfigurationName = Release;
		};
		6014C99222C782C400ACB80E /* Build configuration list for PBXNativeTarget "HiPart" */ = {
			isa = XCConfigurationList;
			buildConfigurations = (
				6014C99322C782C400ACB80E /* Debug */,
				6014C99422C782C400ACB80E /* Release */,
			);
			defaultConfigurationIsVisible = 0;
			defaultConfigurationName = Release;
		};
/* End XCConfigurationList section */
	};
	rootObject = 6014C97822C782C300ACB80E /* Project object */;
}
